
Microsoft Visual Studio Solution File, Format Version 12.00
# Visual Studio 2012
Project("{FAE04EC0-301F-11D3-BF4B-00C04F79EFBC}") = "MinismuriWeb", "MinismuriWeb.csproj", "{CFD5E133-F4CF-4492-B6F6-B10FF58BF25D}"
EndProject
Global
	GlobalSection(SolutionConfigurationPlatforms) = preSolution
		Debug|Any CPU = Debug|Any CPU
		Preview|Any CPU = Preview|Any CPU
		Productive|Any CPU = Productive|Any CPU
		Release|Any CPU = Release|Any CPU
	EndGlobalSection
	GlobalSection(ProjectConfigurationPlatforms) = postSolution
		{CFD5E133-F4CF-4492-B6F6-B10FF58BF25D}.Debug|Any CPU.ActiveCfg = Debug|Any CPU
		{CFD5E133-F4CF-4492-B6F6-B10FF58BF25D}.Debug|Any CPU.Build.0 = Debug|Any CPU
		{CFD5E133-F4CF-4492-B6F6-B10FF58BF25D}.Preview|Any CPU.ActiveCfg = Preview|Any CPU
		{CFD5E133-F4CF-4492-B6F6-B10FF58BF25D}.Preview|Any CPU.Build.0 = Preview|Any CPU
		{CFD5E133-F4CF-4492-B6F6-B10FF58BF25D}.Productive|Any CPU.ActiveCfg = Productive|Any CPU
		{CFD5E133-F4CF-4492-B6F6-B10FF58BF25D}.Productive|Any CPU.Build.0 = Productive|Any CPU
		{CFD5E133-F4CF-4492-B6F6-B10FF58BF25D}.Release|Any CPU.ActiveCfg = Release|Any CPU
		{CFD5E133-F4CF-4492-B6F6-B10FF58BF25D}.Release|Any CPU.Build.0 = Release|Any CPU
	EndGlobalSection
	GlobalSection(SolutionProperties) = preSolution
		HideSolutionNode = FALSE
	EndGlobalSection
EndGlobal
